
Microsoft Visual Studio Solution File, Format Version 12.00
# Visual Studio Version 17
VisualStudioVersion = 17.7.34031.279
MinimumVisualStudioVersion = 10.0.40219.1
Project("{FAE04EC0-301F-11D3-BF4B-00C04F79EFBC}") = "LeafNetCore", "LeafNetCore.csproj", "{8C7350E7-D370-4914-9A1F-B7D466D55F96}"
EndProject
Project("{FAE04EC0-301F-11D3-BF4B-00C04F79EFBC}") = "Protocol", "..\Protocol\Protocol.csproj", "{F521C3AA-0693-4AAF-952A-25645BD3E67E}"
EndProject
Project("{9A19103F-16F7-4668-BE54-9A1E7A4F7556}") = "Server", "..\Server\Server.csproj", "{EB42C166-1CE3-4280-AFD8-C541C1972ED3}"
EndProject
Global
	GlobalSection(SolutionConfigurationPlatforms) = preSolution
		Debug|Any CPU = Debug|Any CPU
		Release|Any CPU = Release|Any CPU
	EndGlobalSection
	GlobalSection(ProjectConfigurationPlatforms) = postSolution
		{8C7350E7-D370-4914-9A1F-B7D466D55F96}.Debug|Any CPU.ActiveCfg = Debug|Any CPU
		{8C7350E7-D370-4914-9A1F-B7D466D55F96}.Debug|Any CPU.Build.0 = Debug|Any CPU
		{8C7350E7-D370-4914-9A1F-B7D466D55F96}.Release|Any CPU.ActiveCfg = Release|Any CPU
		{8C7350E7-D370-4914-9A1F-B7D466D55F96}.Release|Any CPU.Build.0 = Release|Any CPU
		{F521C3AA-0693-4AAF-952A-25645BD3E67E}.Debug|Any CPU.ActiveCfg = Debug|Any CPU
		{F521C3AA-0693-4AAF-952A-25645BD3E67E}.Debug|Any CPU.Build.0 = Debug|Any CPU
		{F521C3AA-0693-4AAF-952A-25645BD3E67E}.Release|Any CPU.ActiveCfg = Release|Any CPU
		{F521C3AA-0693-4AAF-952A-25645BD3E67E}.Release|Any CPU.Build.0 = Release|Any CPU
		{EB42C166-1CE3-4280-AFD8-C541C1972ED3}.Debug|Any CPU.ActiveCfg = Debug|Any CPU
		{EB42C166-1CE3-4280-AFD8-C541C1972ED3}.Debug|Any CPU.Build.0 = Debug|Any CPU
		{EB42C166-1CE3-4280-AFD8-C541C1972ED3}.Release|Any CPU.ActiveCfg = Release|Any CPU
		{EB42C166-1CE3-4280-AFD8-C541C1972ED3}.Release|Any CPU.Build.0 = Release|Any CPU
	EndGlobalSection
	GlobalSection(SolutionProperties) = preSolution
		HideSolutionNode = FALSE
	EndGlobalSection
	GlobalSection(ExtensibilityGlobals) = postSolution
		SolutionGuid = {13A09A5E-DDA3-4070-8CC5-7AEAA9912B6A}
	EndGlobalSection
EndGlobal
